
Microsoft Visual Studio Solution File, Format Version 12.00
# Visual Studio Version 17
VisualStudioVersion = 17.11.35208.52
MinimumVisualStudioVersion = 10.0.40219.1
Project("{FAE04EC0-301F-11D3-BF4B-00C04F79EFBC}") = "Api", "Api\Api.csproj", "{3A038698-2137-4C0C-87E8-EF11139B203B}"
EndProject
Project("{FAE04EC0-301F-11D3-BF4B-00C04F79EFBC}") = "Web", "Web\Web.csproj", "{8C3E3CDA-877C-4335-AFD7-F84D3A71A39C}"
EndProject
Project("{E53339B2-1760-4266-BCC7-CA923CBCF16C}") = "docker-compose", "docker-compose.dcproj", "{50C707A4-5D36-4148-9A44-C193FA891129}"
EndProject
Global
	GlobalSection(SolutionConfigurationPlatforms) = preSolution
		Debug|Any CPU = Debug|Any CPU
		Release|Any CPU = Release|Any CPU
	EndGlobalSection
	GlobalSection(ProjectConfigurationPlatforms) = postSolution
		{3A038698-2137-4C0C-87E8-EF11139B203B}.Debug|Any CPU.ActiveCfg = Debug|Any CPU
		{3A038698-2137-4C0C-87E8-EF11139B203B}.Debug|Any CPU.Build.0 = Debug|Any CPU
		{3A038698-2137-4C0C-87E8-EF11139B203B}.Release|Any CPU.ActiveCfg = Release|Any CPU
		{3A038698-2137-4C0C-87E8-EF11139B203B}.Release|Any CPU.Build.0 = Release|Any CPU
		{8C3E3CDA-877C-4335-AFD7-F84D3A71A39C}.Debug|Any CPU.ActiveCfg = Debug|Any CPU
		{8C3E3CDA-877C-4335-AFD7-F84D3A71A39C}.Debug|Any CPU.Build.0 = Debug|Any CPU
		{8C3E3CDA-877C-4335-AFD7-F84D3A71A39C}.Release|Any CPU.ActiveCfg = Release|Any CPU
		{8C3E3CDA-877C-4335-AFD7-F84D3A71A39C}.Release|Any CPU.Build.0 = Release|Any CPU
		{50C707A4-5D36-4148-9A44-C193FA891129}.Debug|Any CPU.ActiveCfg = Debug|Any CPU
		{50C707A4-5D36-4148-9A44-C193FA891129}.Debug|Any CPU.Build.0 = Debug|Any CPU
		{50C707A4-5D36-4148-9A44-C193FA891129}.Release|Any CPU.ActiveCfg = Release|Any CPU
		{50C707A4-5D36-4148-9A44-C193FA891129}.Release|Any CPU.Build.0 = Release|Any CPU
	EndGlobalSection
	GlobalSection(SolutionProperties) = preSolution
		HideSolutionNode = FALSE
	EndGlobalSection
	GlobalSection(ExtensibilityGlobals) = postSolution
		SolutionGuid = {587275AD-E4E1-421D-9C55-675DA9268CF1}
	EndGlobalSection
EndGlobal
